// !$*UTF8*$!
{
	archiveVersion = 1;
	classes = {
	};
	objectVersion = 46;
	objects = {

/* Begin PBXFileReference section */
		1277E2381C186ABC00B43734 /* CjvxAudioDevice.cpp */ = {isa = PBXFileReference; fileEncoding = 4; lastKnownFileType = sourcecode.cpp.cpp; name = CjvxAudioDevice.cpp; path = ../../../../../../../base/software/templates/jvxComponents/jvxAudioTechnologies/CjvxAudioDevice.cpp; sourceTree = "<group>"; };
		1277E2391C186B4B00B43734 /* CjvxAudioTechnology.cpp */ = {isa = PBXFileReference; fileEncoding = 4; lastKnownFileType = sourcecode.cpp.cpp; name = CjvxAudioTechnology.cpp; path = ../../../../../../../base/software/templates/jvxComponents/jvxAudioTechnologies/CjvxAudioTechnology.cpp; sourceTree = "<group>"; };
		1277E23A1C186B7400B43734 /* CjvxAudioDevice.h */ = {isa = PBXFileReference; fileEncoding = 4; lastKnownFileType = sourcecode.c.h; name = CjvxAudioDevice.h; path = ../../../../../../../base/software/templates/jvxComponents/jvxAudioTechnologies/CjvxAudioDevice.h; sourceTree = "<group>"; };
		1277E23B1C186B7400B43734 /* CjvxAudioTechnology.h */ = {isa = PBXFileReference; fileEncoding = 4; lastKnownFileType = sourcecode.c.h; name = CjvxAudioTechnology.h; path = ../../../../../../../base/software/templates/jvxComponents/jvxAudioTechnologies/CjvxAudioTechnology.h; sourceTree = "<group>"; };
		340EDE0D1BA30C9900B59CD2 /* exports_device.pcg */ = {isa = PBXFileReference; fileEncoding = 4; lastKnownFileType = text; name = exports_device.pcg; path = ../../codeGen/exports_device.pcg; sourceTree = "<group>"; };
		340EDE0E1BA30CAF00B59CD2 /* CjvxAudioCoreAudioDevice.h */ = {isa = PBXFileReference; fileEncoding = 4; lastKnownFileType = sourcecode.c.h; name = CjvxAudioCoreAudioDevice.h; path = ../../src/CjvxAudioCoreAudioDevice.h; sourceTree = "<group>"; };
		340EDE0F1BA30CAF00B59CD2 /* CjvxAudioCoreAudioTechnology.h */ = {isa = PBXFileReference; fileEncoding = 4; lastKnownFileType = sourcecode.c.h; name = CjvxAudioCoreAudioTechnology.h; path = ../../src/CjvxAudioCoreAudioTechnology.h; sourceTree = "<group>"; };
		340EDE101BA30CBF00B59CD2 /* CjvxAudioCoreAudioDevice_coreaudio.cpp */ = {isa = PBXFileReference; fileEncoding = 4; lastKnownFileType = sourcecode.cpp.cpp; name = CjvxAudioCoreAudioDevice_coreaudio.cpp; path = ../../src/CjvxAudioCoreAudioDevice_coreaudio.cpp; sourceTree = "<group>"; };
		340EDE111BA30CBF00B59CD2 /* CjvxAudioCoreAudioDevice.cpp */ = {isa = PBXFileReference; fileEncoding = 4; lastKnownFileType = sourcecode.cpp.cpp; name = CjvxAudioCoreAudioDevice.cpp; path = ../../src/CjvxAudioCoreAudioDevice.cpp; sourceTree = "<group>"; };
		340EDE121BA30CBF00B59CD2 /* CjvxAudioCoreAudioTechnology.cpp */ = {isa = PBXFileReference; fileEncoding = 4; lastKnownFileType = sourcecode.cpp.cpp; name = CjvxAudioCoreAudioTechnology.cpp; path = ../../src/CjvxAudioCoreAudioTechnology.cpp; sourceTree = "<group>"; };
		340EDE131BA30CCC00B59CD2 /* componentEntry.cpp */ = {isa = PBXFileReference; fileEncoding = 4; lastKnownFileType = sourcecode.cpp.cpp; name = componentEntry.cpp; path = ../../target/componentEntry.cpp; sourceTree = "<group>"; };
		3453C56D1BA76B9F0063951C /* pcg_CjvxAudioDevice_pcg.h */ = {isa = PBXFileReference; fileEncoding = 4; lastKnownFileType = sourcecode.c.h; name = pcg_CjvxAudioDevice_pcg.h; path = "../../../../../../../../base/build/macos64-rtproc/rtproc/sources/jvxComponents/jvxAudioTechnologies/jvxAuTCoreAudio/gen_pcg/pcg_CjvxAudioDevice_pcg.h"; sourceTree = "<group>"; };
		3453C56E1BA76B9F0063951C /* pcg_exports_device.h */ = {isa = PBXFileReference; fileEncoding = 4; lastKnownFileType = sourcecode.c.h; name = pcg_exports_device.h; path = "../../../../../../../../base/build/macos64-rtproc/rtproc/sources/jvxComponents/jvxAudioTechnologies/jvxAuTCoreAudio/gen_pcg/pcg_exports_device.h"; sourceTree = "<group>"; };
/* End PBXFileReference section */

/* Begin PBXGroup section */
		340EDDFB1BA30C5700B59CD2 = {
			isa = PBXGroup;
			children = (
				3453C56C1BA76B000063951C /* generated */,
				340EDE0C1BA30C8D00B59CD2 /* resources */,
				340EDE0B1BA30C8700B59CD2 /* header */,
				340EDE0A1BA30C7D00B59CD2 /* src */,
			);
			sourceTree = "<group>";
		};
		340EDE0A1BA30C7D00B59CD2 /* src */ = {
			isa = PBXGroup;
			children = (
				1277E2391C186B4B00B43734 /* CjvxAudioTechnology.cpp */,
				1277E2381C186ABC00B43734 /* CjvxAudioDevice.cpp */,
				340EDE131BA30CCC00B59CD2 /* componentEntry.cpp */,
				340EDE101BA30CBF00B59CD2 /* CjvxAudioCoreAudioDevice_coreaudio.cpp */,
				340EDE111BA30CBF00B59CD2 /* CjvxAudioCoreAudioDevice.cpp */,
				340EDE121BA30CBF00B59CD2 /* CjvxAudioCoreAudioTechnology.cpp */,
			);
			name = src;
			sourceTree = "<group>";
		};
		340EDE0B1BA30C8700B59CD2 /* header */ = {
			isa = PBXGroup;
			children = (
				1277E23A1C186B7400B43734 /* CjvxAudioDevice.h */,
				1277E23B1C186B7400B43734 /* CjvxAudioTechnology.h */,
				340EDE0E1BA30CAF00B59CD2 /* CjvxAudioCoreAudioDevice.h */,
				340EDE0F1BA30CAF00B59CD2 /* CjvxAudioCoreAudioTechnology.h */,
			);
			name = header;
			sourceTree = "<group>";
		};
		340EDE0C1BA30C8D00B59CD2 /* resources */ = {
			isa = PBXGroup;
			children = (
				340EDE0D1BA30C9900B59CD2 /* exports_device.pcg */,
			);
			name = resources;
			sourceTree = "<group>";
		};
		3453C56C1BA76B000063951C /* generated */ = {
			isa = PBXGroup;
			children = (
				3453C56D1BA76B9F0063951C /* pcg_CjvxAudioDevice_pcg.h */,
				3453C56E1BA76B9F0063951C /* pcg_exports_device.h */,
			);
			name = generated;
			sourceTree = "<group>";
		};
/* End PBXGroup section */

/* Begin PBXLegacyTarget section */
		340EDE001BA30C5700B59CD2 /* jvxAuTCoreAudio */ = {
			isa = PBXLegacyTarget;
			buildArgumentsString = jvxAuTCoreAudio;
			buildConfigurationList = 340EDE031BA30C5700B59CD2 /* Build configuration list for PBXLegacyTarget "jvxAuTCoreAudio" */;
			buildPhases = (
			);
			buildToolPath = /usr/bin/make;
			buildWorkingDirectory = "$JVX_PATH/jvx/base/macos64-rtproc";
			dependencies = (
			);
			name = jvxAuTCoreAudio;
			passBuildSettingsInEnvironment = 1;
			productName = jvxAuTCoreAudio;
		};
/* End PBXLegacyTarget section */

/* Begin PBXProject section */
		340EDDFC1BA30C5700B59CD2 /* Project object */ = {
			isa = PBXProject;
			attributes = {
				LastUpgradeCheck = 0640;
				ORGANIZATIONNAME = "Javox Solutions GmbH";
				TargetAttributes = {
					340EDE001BA30C5700B59CD2 = {
						CreatedOnToolsVersion = 6.4;
					};
				};
			};
			buildConfigurationList = 340EDDFF1BA30C5700B59CD2 /* Build configuration list for PBXProject "jvxAuTCoreAudio" */;
			compatibilityVersion = "Xcode 3.2";
			developmentRegion = English;
			hasScannedForEncodings = 0;
			knownRegions = (
				en,
			);
			mainGroup = 340EDDFB1BA30C5700B59CD2;
			projectDirPath = "";
			projectRoot = "";
			targets = (
				340EDE001BA30C5700B59CD2 /* jvxAuTCoreAudio */,
			);
		};
/* End PBXProject section */

/* Begin XCBuildConfiguration section */
		340EDE011BA30C5700B59CD2 /* Debug */ = {
			isa = XCBuildConfiguration;
			buildSettings = {
				ALWAYS_SEARCH_USER_PATHS = NO;
				CLANG_CXX_LANGUAGE_STANDARD = "gnu++0x";
				CLANG_CXX_LIBRARY = "libc++";
				CLANG_ENABLE_MODULES = YES;
				CLANG_ENABLE_OBJC_ARC = YES;
				CLANG_WARN_BOOL_CONVERSION = YES;
				CLANG_WARN_CONSTANT_CONVERSION = YES;
				CLANG_WARN_DIRECT_OBJC_ISA_USAGE = YES_ERROR;
				CLANG_WARN_EMPTY_BODY = YES;
				CLANG_WARN_ENUM_CONVERSION = YES;
				CLANG_WARN_INT_CONVERSION = YES;
				CLANG_WARN_OBJC_ROOT_CLASS = YES_ERROR;
				CLANG_WARN_UNREACHABLE_CODE = YES;
				CLANG_WARN__DUPLICATE_METHOD_MATCH = YES;
				COPY_PHASE_STRIP = NO;
				DEBUG_INFORMATION_FORMAT = dwarf;
				ENABLE_STRICT_OBJC_MSGSEND = YES;
				GCC_C_LANGUAGE_STANDARD = gnu99;
				GCC_DYNAMIC_NO_PIC = NO;
				GCC_NO_COMMON_BLOCKS = YES;
				GCC_OPTIMIZATION_LEVEL = 0;
				GCC_PREPROCESSOR_DEFINITIONS = (
					"DEBUG=1",
					"$(inherited)",
				);
				GCC_SYMBOLS_PRIVATE_EXTERN = NO;
				GCC_WARN_64_TO_32_BIT_CONVERSION = YES;
				GCC_WARN_ABOUT_RETURN_TYPE = YES_ERROR;
				GCC_WARN_UNDECLARED_SELECTOR = YES;
				GCC_WARN_UNINITIALIZED_AUTOS = YES_AGGRESSIVE;
				GCC_WARN_UNUSED_FUNCTION = YES;
				GCC_WARN_UNUSED_VARIABLE = YES;
				MACOSX_DEPLOYMENT_TARGET = 10.10;
				MTL_ENABLE_DEBUG_INFO = YES;
				ONLY_ACTIVE_ARCH = YES;
				SDKROOT = macosx;
			};
			name = Debug;
		};
		340EDE021BA30C5700B59CD2 /* Release */ = {
			isa = XCBuildConfiguration;
			buildSettings = {
				ALWAYS_SEARCH_USER_PATHS = NO;
				CLANG_CXX_LANGUAGE_STANDARD = "gnu++0x";
				CLANG_CXX_LIBRARY = "libc++";
				CLANG_ENABLE_MODULES = YES;
				CLANG_ENABLE_OBJC_ARC = YES;
				CLANG_WARN_BOOL_CONVERSION = YES;
				CLANG_WARN_CONSTANT_CONVERSION = YES;
				CLANG_WARN_DIRECT_OBJC_ISA_USAGE = YES_ERROR;
				CLANG_WARN_EMPTY_BODY = YES;
				CLANG_WARN_ENUM_CONVERSION = YES;
				CLANG_WARN_INT_CONVERSION = YES;
				CLANG_WARN_OBJC_ROOT_CLASS = YES_ERROR;
				CLANG_WARN_UNREACHABLE_CODE = YES;
				CLANG_WARN__DUPLICATE_METHOD_MATCH = YES;
				COPY_PHASE_STRIP = NO;
				DEBUG_INFORMATION_FORMAT = "dwarf-with-dsym";
				ENABLE_NS_ASSERTIONS = NO;
				ENABLE_STRICT_OBJC_MSGSEND = YES;
				GCC_C_LANGUAGE_STANDARD = gnu99;
				GCC_NO_COMMON_BLOCKS = YES;
				GCC_WARN_64_TO_32_BIT_CONVERSION = YES;
				GCC_WARN_ABOUT_RETURN_TYPE = YES_ERROR;
				GCC_WARN_UNDECLARED_SELECTOR = YES;
				GCC_WARN_UNINITIALIZED_AUTOS = YES_AGGRESSIVE;
				GCC_WARN_UNUSED_FUNCTION = YES;
				GCC_WARN_UNUSED_VARIABLE = YES;
				MACOSX_DEPLOYMENT_TARGET = 10.10;
				MTL_ENABLE_DEBUG_INFO = NO;
				SDKROOT = macosx;
			};
			name = Release;
		};
		340EDE041BA30C5700B59CD2 /* Debug */ = {
			isa = XCBuildConfiguration;
			buildSettings = {
				DEBUGGING_SYMBOLS = YES;
				GCC_GENERATE_DEBUGGING_SYMBOLS = YES;
				GCC_OPTIMIZATION_LEVEL = 0;
				OTHER_CFLAGS = "";
				OTHER_LDFLAGS = "";
				PRODUCT_NAME = "$(TARGET_NAME)";
			};
			name = Debug;
		};
		340EDE051BA30C5700B59CD2 /* Release */ = {
			isa = XCBuildConfiguration;
			buildSettings = {
				OTHER_CFLAGS = "";
				OTHER_LDFLAGS = "";
				PRODUCT_NAME = "$(TARGET_NAME)";
			};
			name = Release;
		};
/* End XCBuildConfiguration section */

/* Begin XCConfigurationList section */
		340EDDFF1BA30C5700B59CD2 /* Build configuration list for PBXProject "jvxAuTCoreAudio" */ = {
			isa = XCConfigurationList;
			buildConfigurations = (
				340EDE011BA30C5700B59CD2 /* Debug */,
				340EDE021BA30C5700B59CD2 /* Release */,
			);
			defaultConfigurationIsVisible = 0;
			defaultConfigurationName = Release;
		};
		340EDE031BA30C5700B59CD2 /* Build configuration list for PBXLegacyTarget "jvxAuTCoreAudio" */ = {
			isa = XCConfigurationList;
			buildConfigurations = (
				340EDE041BA30C5700B59CD2 /* Debug */,
				340EDE051BA30C5700B59CD2 /* Release */,
			);
			defaultConfigurationIsVisible = 0;
			defaultConfigurationName = Release;
		};
/* End XCConfigurationList section */
	};
	rootObject = 340EDDFC1BA30C5700B59CD2 /* Project object */;
}
