# This file is automatically @generated by Cargo.
# It is not intended for manual editing.
version = 3

[[package]]
name = "ayfstarterlibdbgrs"
version = "0.0.0"
dependencies = [
 "ayfstarterlibrs",
 "jvx_dsp",
]

[[package]]
name = "ayfstarterlibrs"
version = "0.0.0"
dependencies = [
 "jvx_dsp",
]

[[package]]
name = "jvx_dsp"
version = "0.0.0"
